
Microsoft Visual Studio Solution File, Format Version 12.00
# Visual Studio Version 16
VisualStudioVersion = 16.0.29926.136
MinimumVisualStudioVersion = 10.0.40219.1
Project("{FAE04EC0-301F-11D3-BF4B-00C04F79EFBC}") = "NET Framwork48", "NET Framwork48\NET Framwork48.csproj", "{9519F771-B3B6-4554-8FBF-C9876AB463C6}"
EndProject
Project("{FAE04EC0-301F-11D3-BF4B-00C04F79EFBC}") = "NET Framwork48Test", "NET Framwork48Test\NET Framwork48Test.csproj", "{5283FAA4-4F84-4C43-A9EF-4FD0F9A317D1}"
EndProject
Global
	GlobalSection(SolutionConfigurationPlatforms) = preSolution
		Debug|Any CPU = Debug|Any CPU
		Release|Any CPU = Release|Any CPU
	EndGlobalSection
	GlobalSection(ProjectConfigurationPlatforms) = postSolution
		{9519F771-B3B6-4554-8FBF-C9876AB463C6}.Debug|Any CPU.ActiveCfg = Debug|Any CPU
		{9519F771-B3B6-4554-8FBF-C9876AB463C6}.Debug|Any CPU.Build.0 = Debug|Any CPU
		{9519F771-B3B6-4554-8FBF-C9876AB463C6}.Release|Any CPU.ActiveCfg = Release|Any CPU
		{9519F771-B3B6-4554-8FBF-C9876AB463C6}.Release|Any CPU.Build.0 = Release|Any CPU
		{5283FAA4-4F84-4C43-A9EF-4FD0F9A317D1}.Debug|Any CPU.ActiveCfg = Debug|Any CPU
		{5283FAA4-4F84-4C43-A9EF-4FD0F9A317D1}.Debug|Any CPU.Build.0 = Debug|Any CPU
		{5283FAA4-4F84-4C43-A9EF-4FD0F9A317D1}.Release|Any CPU.ActiveCfg = Release|Any CPU
		{5283FAA4-4F84-4C43-A9EF-4FD0F9A317D1}.Release|Any CPU.Build.0 = Release|Any CPU
	EndGlobalSection
	GlobalSection(SolutionProperties) = preSolution
		HideSolutionNode = FALSE
	EndGlobalSection
	GlobalSection(ExtensibilityGlobals) = postSolution
		SolutionGuid = {9F938738-9996-49DE-81E9-7F12D5F106E9}
	EndGlobalSection
EndGlobal
